{
  "name": "De_project",
  "lockfileVersion": 2,
  "requires": true,
  "packages": {
    "": {
      "dependencies": {
        "newsapi": "^2.4.1"
      }
    },
    "node_modules/core-js": {
      "version": "3.12.0",
      "resolved": "https://registry.npmjs.org/core-js/-/core-js-3.12.0.tgz",
      "integrity": "sha512-SaMnchL//WwU2Ot1hhkPflE8gzo7uq1FGvUJ8GKmi3TOU7rGTHIU+eir1WGf6qOtTyxdfdcp10yPdGZ59sQ3hw==",
      "hasInstallScript": true,
      "funding": {
        "type": "opencollective",
        "url": "https://opencollective.com/core-js"
      }
    },
    "node_modules/newsapi": {
      "version": "2.4.1",
      "resolved": "https://registry.npmjs.org/newsapi/-/newsapi-2.4.1.tgz",
      "integrity": "sha512-yw/aZBgDwNbNMqQ1V7XFKdW2jvL8Fh4qMiU0Awin87Rt6lbPnS8OuiLaL15Ws5X82/EXhzNf/djAlPHOWVgMJg==",
      "dependencies": {
        "core-js": "^3.6.5",
        "node-fetch": "^2.6.0"
      }
    },
    "node_modules/node-fetch": {
      "version": "2.6.1",
      "resolved": "https://registry.npmjs.org/node-fetch/-/node-fetch-2.6.1.tgz",
      "integrity": "sha512-V4aYg89jEoVRxRb2fJdAg8FHvI7cEyYdVAh94HH0UIK8oJxUfkjlDQN9RbMx+bEjP7+ggMiFRprSti032Oipxw==",
      "engines": {
        "node": "4.x || >=6.0.0"
      }
    }
  },
  "dependencies": {
    "core-js": {
      "version": "3.12.0",
      "resolved": "https://registry.npmjs.org/core-js/-/core-js-3.12.0.tgz",
      "integrity": "sha512-SaMnchL//WwU2Ot1hhkPflE8gzo7uq1FGvUJ8GKmi3TOU7rGTHIU+eir1WGf6qOtTyxdfdcp10yPdGZ59sQ3hw=="
    },
    "newsapi": {
      "version": "2.4.1",
      "resolved": "https://registry.npmjs.org/newsapi/-/newsapi-2.4.1.tgz",
      "integrity": "sha512-yw/aZBgDwNbNMqQ1V7XFKdW2jvL8Fh4qMiU0Awin87Rt6lbPnS8OuiLaL15Ws5X82/EXhzNf/djAlPHOWVgMJg==",
      "requires": {
        "core-js": "^3.6.5",
        "node-fetch": "^2.6.0"
      }
    },
    "node-fetch": {
      "version": "2.6.1",
      "resolved": "https://registry.npmjs.org/node-fetch/-/node-fetch-2.6.1.tgz",
      "integrity": "sha512-V4aYg89jEoVRxRb2fJdAg8FHvI7cEyYdVAh94HH0UIK8oJxUfkjlDQN9RbMx+bEjP7+ggMiFRprSti032Oipxw=="
    }
  }
}
